
Microsoft Visual Studio Solution File, Format Version 12.00
# Visual Studio 2013
VisualStudioVersion = 12.0.21005.1
MinimumVisualStudioVersion = 10.0.40219.1
Project("{FAE04EC0-301F-11D3-BF4B-00C04F79EFBC}") = "WcfServiceLibrary", "WcfServiceLibrary\WcfServiceLibrary.csproj", "{D1DDBF75-711A-4B24-B04E-CA9F45EAF29A}"
EndProject
Project("{2150E333-8FDC-42A3-9474-1A3956D46DE8}") = "00请求响应模式", "00请求响应模式", "{C39AFF52-0644-4434-9A1A-A872B3264615}"
EndProject
Project("{FAE04EC0-301F-11D3-BF4B-00C04F79EFBC}") = "WcfClient", "WcfClient\WcfClient.csproj", "{8E02A283-B182-4ADC-9969-0811FA34D26E}"
	ProjectSection(ProjectDependencies) = postProject
		{D1DDBF75-711A-4B24-B04E-CA9F45EAF29A} = {D1DDBF75-711A-4B24-B04E-CA9F45EAF29A}
	EndProjectSection
EndProject
Project("{2150E333-8FDC-42A3-9474-1A3956D46DE8}") = "00控制台自托管的Wcf服务", "00控制台自托管的Wcf服务", "{C9AFD63E-E3B5-4B92-BD2F-36EBC47D3334}"
EndProject
Project("{FAE04EC0-301F-11D3-BF4B-00C04F79EFBC}") = "WindowsServiceForWcfService", "WindowsServiceForWcfService\WindowsServiceForWcfService.csproj", "{7EA2F2DD-AE02-4379-9D09-707EC26D0855}"
EndProject
Project("{2150E333-8FDC-42A3-9474-1A3956D46DE8}") = "01Windows服务托管Wcf服务", "01Windows服务托管Wcf服务", "{62B6B72E-22FD-415C-A3C9-9E5AE2A7F3A5}"
EndProject
Project("{2150E333-8FDC-42A3-9474-1A3956D46DE8}") = "02Wcf服务应用程序(svc)", "02Wcf服务应用程序(svc)", "{5B4DEE02-393F-4A3F-BF12-4FD6402B268D}"
EndProject
Project("{FAE04EC0-301F-11D3-BF4B-00C04F79EFBC}") = "WcfService", "WcfService\WcfService.csproj", "{044D7AEB-6938-4BA9-81A7-D702D6B6A2F3}"
EndProject
Project("{2150E333-8FDC-42A3-9474-1A3956D46DE8}") = "01数据报模式和双工通信", "01数据报模式和双工通信", "{70C4DBA0-2DD8-4331-ADD0-6653807CC1F0}"
EndProject
Project("{FAE04EC0-301F-11D3-BF4B-00C04F79EFBC}") = "Client", "Client\Client.csproj", "{AE5CDBDF-BD1D-480E-8C2C-6C6113DFD6AB}"
	ProjectSection(ProjectDependencies) = postProject
		{DD4B9F5A-1B08-4DA0-97D8-EE1F925A5D75} = {DD4B9F5A-1B08-4DA0-97D8-EE1F925A5D75}
	EndProjectSection
EndProject
Project("{FAE04EC0-301F-11D3-BF4B-00C04F79EFBC}") = "WcfServices", "WcfServices\WcfServices.csproj", "{DD4B9F5A-1B08-4DA0-97D8-EE1F925A5D75}"
EndProject
Global
	GlobalSection(SolutionConfigurationPlatforms) = preSolution
		Debug|Any CPU = Debug|Any CPU
		Release|Any CPU = Release|Any CPU
	EndGlobalSection
	GlobalSection(ProjectConfigurationPlatforms) = postSolution
		{D1DDBF75-711A-4B24-B04E-CA9F45EAF29A}.Debug|Any CPU.ActiveCfg = Debug|Any CPU
		{D1DDBF75-711A-4B24-B04E-CA9F45EAF29A}.Debug|Any CPU.Build.0 = Debug|Any CPU
		{D1DDBF75-711A-4B24-B04E-CA9F45EAF29A}.Release|Any CPU.ActiveCfg = Release|Any CPU
		{D1DDBF75-711A-4B24-B04E-CA9F45EAF29A}.Release|Any CPU.Build.0 = Release|Any CPU
		{8E02A283-B182-4ADC-9969-0811FA34D26E}.Debug|Any CPU.ActiveCfg = Debug|Any CPU
		{8E02A283-B182-4ADC-9969-0811FA34D26E}.Debug|Any CPU.Build.0 = Debug|Any CPU
		{8E02A283-B182-4ADC-9969-0811FA34D26E}.Release|Any CPU.ActiveCfg = Release|Any CPU
		{8E02A283-B182-4ADC-9969-0811FA34D26E}.Release|Any CPU.Build.0 = Release|Any CPU
		{7EA2F2DD-AE02-4379-9D09-707EC26D0855}.Debug|Any CPU.ActiveCfg = Debug|Any CPU
		{7EA2F2DD-AE02-4379-9D09-707EC26D0855}.Debug|Any CPU.Build.0 = Debug|Any CPU
		{7EA2F2DD-AE02-4379-9D09-707EC26D0855}.Release|Any CPU.ActiveCfg = Release|Any CPU
		{7EA2F2DD-AE02-4379-9D09-707EC26D0855}.Release|Any CPU.Build.0 = Release|Any CPU
		{044D7AEB-6938-4BA9-81A7-D702D6B6A2F3}.Debug|Any CPU.ActiveCfg = Debug|Any CPU
		{044D7AEB-6938-4BA9-81A7-D702D6B6A2F3}.Debug|Any CPU.Build.0 = Debug|Any CPU
		{044D7AEB-6938-4BA9-81A7-D702D6B6A2F3}.Release|Any CPU.ActiveCfg = Release|Any CPU
		{044D7AEB-6938-4BA9-81A7-D702D6B6A2F3}.Release|Any CPU.Build.0 = Release|Any CPU
		{AE5CDBDF-BD1D-480E-8C2C-6C6113DFD6AB}.Debug|Any CPU.ActiveCfg = Debug|Any CPU
		{AE5CDBDF-BD1D-480E-8C2C-6C6113DFD6AB}.Debug|Any CPU.Build.0 = Debug|Any CPU
		{AE5CDBDF-BD1D-480E-8C2C-6C6113DFD6AB}.Release|Any CPU.ActiveCfg = Release|Any CPU
		{AE5CDBDF-BD1D-480E-8C2C-6C6113DFD6AB}.Release|Any CPU.Build.0 = Release|Any CPU
		{DD4B9F5A-1B08-4DA0-97D8-EE1F925A5D75}.Debug|Any CPU.ActiveCfg = Debug|Any CPU
		{DD4B9F5A-1B08-4DA0-97D8-EE1F925A5D75}.Debug|Any CPU.Build.0 = Debug|Any CPU
		{DD4B9F5A-1B08-4DA0-97D8-EE1F925A5D75}.Release|Any CPU.ActiveCfg = Release|Any CPU
		{DD4B9F5A-1B08-4DA0-97D8-EE1F925A5D75}.Release|Any CPU.Build.0 = Release|Any CPU
	EndGlobalSection
	GlobalSection(SolutionProperties) = preSolution
		HideSolutionNode = FALSE
	EndGlobalSection
	GlobalSection(NestedProjects) = preSolution
		{C9AFD63E-E3B5-4B92-BD2F-36EBC47D3334} = {C39AFF52-0644-4434-9A1A-A872B3264615}
		{8E02A283-B182-4ADC-9969-0811FA34D26E} = {C39AFF52-0644-4434-9A1A-A872B3264615}
		{62B6B72E-22FD-415C-A3C9-9E5AE2A7F3A5} = {C39AFF52-0644-4434-9A1A-A872B3264615}
		{5B4DEE02-393F-4A3F-BF12-4FD6402B268D} = {C39AFF52-0644-4434-9A1A-A872B3264615}
		{D1DDBF75-711A-4B24-B04E-CA9F45EAF29A} = {C9AFD63E-E3B5-4B92-BD2F-36EBC47D3334}
		{7EA2F2DD-AE02-4379-9D09-707EC26D0855} = {62B6B72E-22FD-415C-A3C9-9E5AE2A7F3A5}
		{044D7AEB-6938-4BA9-81A7-D702D6B6A2F3} = {5B4DEE02-393F-4A3F-BF12-4FD6402B268D}
		{AE5CDBDF-BD1D-480E-8C2C-6C6113DFD6AB} = {70C4DBA0-2DD8-4331-ADD0-6653807CC1F0}
		{DD4B9F5A-1B08-4DA0-97D8-EE1F925A5D75} = {70C4DBA0-2DD8-4331-ADD0-6653807CC1F0}
	EndGlobalSection
EndGlobal
